
Microsoft Visual Studio Solution File, Format Version 12.00
# Visual Studio 2012
Project("{FAE04EC0-301F-11D3-BF4B-00C04F79EFBC}") = "构建高质量的C项代码", "构建高质量的C项代码\构建高质量的C项代码.csproj", "{3090A1CA-2C1A-4A69-96FC-FCC163A28689}"
EndProject
Global
	GlobalSection(SolutionConfigurationPlatforms) = preSolution
		Debug|Any CPU = Debug|Any CPU
		Release|Any CPU = Release|Any CPU
	EndGlobalSection
	GlobalSection(ProjectConfigurationPlatforms) = postSolution
		{3090A1CA-2C1A-4A69-96FC-FCC163A28689}.Debug|Any CPU.ActiveCfg = Debug|Any CPU
		{3090A1CA-2C1A-4A69-96FC-FCC163A28689}.Debug|Any CPU.Build.0 = Debug|Any CPU
		{3090A1CA-2C1A-4A69-96FC-FCC163A28689}.Release|Any CPU.ActiveCfg = Release|Any CPU
		{3090A1CA-2C1A-4A69-96FC-FCC163A28689}.Release|Any CPU.Build.0 = Release|Any CPU
	EndGlobalSection
	GlobalSection(SolutionProperties) = preSolution
		HideSolutionNode = FALSE
	EndGlobalSection
EndGlobal
