
Microsoft Visual Studio Solution File, Format Version 12.00
# Visual Studio 14
VisualStudioVersion = 14.0.25420.1
MinimumVisualStudioVersion = 10.0.40219.1
Project("{FAE04EC0-301F-11D3-BF4B-00C04F79EFBC}") = "LayUI_Demo", "LayUI_Demo\LayUI_Demo.csproj", "{136C773D-7F1D-41F2-AED2-352199436008}"
EndProject
Project("{FAE04EC0-301F-11D3-BF4B-00C04F79EFBC}") = "BLL", "BLL\BLL.csproj", "{75428B81-7372-40E7-BCA0-45CB3DA83E89}"
EndProject
Project("{FAE04EC0-301F-11D3-BF4B-00C04F79EFBC}") = "Model", "Model\Model.csproj", "{FF7FEC66-663D-4552-85F7-7D590FB852F6}"
EndProject
Project("{FAE04EC0-301F-11D3-BF4B-00C04F79EFBC}") = "UIHelper", "UIHelper\UIHelper.csproj", "{10F4770D-826F-4E44-A4F2-F46665FF8305}"
EndProject
Project("{2150E333-8FDC-42A3-9474-1A3956D46DE8}") = "OtherDemo", "OtherDemo", "{2695FDE7-2186-4625-B884-25EA712B5485}"
EndProject
Project("{2150E333-8FDC-42A3-9474-1A3956D46DE8}") = "切面编程", "切面编程", "{007C7C24-B4DB-4BB4-AAAD-2B4831C634CF}"
EndProject
Project("{2150E333-8FDC-42A3-9474-1A3956D46DE8}") = "设计模式", "设计模式", "{15B865F9-2AE7-4FB9-B340-C0D694FF3F26}"
EndProject
Project("{FAE04EC0-301F-11D3-BF4B-00C04F79EFBC}") = "异步", "异步\异步.csproj", "{EBE174C9-2237-4E29-BA81-3EF6C8CC36E5}"
EndProject
Project("{FAE04EC0-301F-11D3-BF4B-00C04F79EFBC}") = "策略模式-web", "策略模式-web\策略模式-web.csproj", "{825E732A-3840-430B-98ED-047B27931AA9}"
EndProject
Project("{FAE04EC0-301F-11D3-BF4B-00C04F79EFBC}") = "策略模式-桌面程序", "策略模式-桌面程序\策略模式-桌面程序.csproj", "{C2E64BF3-E8F8-49FE-A228-89DECF2165B4}"
EndProject
Project("{FAE04EC0-301F-11D3-BF4B-00C04F79EFBC}") = "AOP", "AOP\AOP.csproj", "{087FC33F-48BE-499D-914A-AEA48EF4A927}"
EndProject
Project("{2150E333-8FDC-42A3-9474-1A3956D46DE8}") = "反射", "反射", "{87D0898D-F108-443F-94BF-6769D3B5471A}"
EndProject
Project("{2150E333-8FDC-42A3-9474-1A3956D46DE8}") = "接口类", "接口类", "{55B2478C-0C6B-40A5-BAFB-312F8BC82D82}"
EndProject
Project("{2150E333-8FDC-42A3-9474-1A3956D46DE8}") = "主程序类", "主程序类", "{A4DAA980-2E5C-4B92-BBAC-75716B853172}"
EndProject
Project("{FAE04EC0-301F-11D3-BF4B-00C04F79EFBC}") = "MyInterfaces", "MyInterfaces\MyInterfaces.csproj", "{2C836876-BF1C-44B0-802A-8D1FC1DC0D76}"
EndProject
Project("{FAE04EC0-301F-11D3-BF4B-00C04F79EFBC}") = "MyWinForm", "MyWinForm\MyWinForm.csproj", "{65D05D6C-B1E0-4114-A779-542D63421537}"
EndProject
Project("{2150E333-8FDC-42A3-9474-1A3956D46DE8}") = "支付宝", "支付宝", "{F2BEAD91-4C5B-4FCC-8356-64E97B7E5551}"
EndProject
Project("{FAE04EC0-301F-11D3-BF4B-00C04F79EFBC}") = "AlipayDemo", "AlipayDemo\AlipayDemo.csproj", "{1ED25947-5DA8-4525-B062-D2B613C2DC56}"
EndProject
Project("{2150E333-8FDC-42A3-9474-1A3956D46DE8}") = "文本编辑器", "文本编辑器", "{C2FAE61F-A2B3-4CBA-AFA2-655115DA180D}"
EndProject
Project("{FAE04EC0-301F-11D3-BF4B-00C04F79EFBC}") = "Ueditor", "Neditor\Ueditor.csproj", "{59DF0771-76B1-4A4B-959F-A267885AC147}"
EndProject
Global
	GlobalSection(SolutionConfigurationPlatforms) = preSolution
		Debug|Any CPU = Debug|Any CPU
		Release|Any CPU = Release|Any CPU
	EndGlobalSection
	GlobalSection(ProjectConfigurationPlatforms) = postSolution
		{136C773D-7F1D-41F2-AED2-352199436008}.Debug|Any CPU.ActiveCfg = Debug|Any CPU
		{136C773D-7F1D-41F2-AED2-352199436008}.Debug|Any CPU.Build.0 = Debug|Any CPU
		{136C773D-7F1D-41F2-AED2-352199436008}.Release|Any CPU.ActiveCfg = Release|Any CPU
		{136C773D-7F1D-41F2-AED2-352199436008}.Release|Any CPU.Build.0 = Release|Any CPU
		{75428B81-7372-40E7-BCA0-45CB3DA83E89}.Debug|Any CPU.ActiveCfg = Debug|Any CPU
		{75428B81-7372-40E7-BCA0-45CB3DA83E89}.Debug|Any CPU.Build.0 = Debug|Any CPU
		{75428B81-7372-40E7-BCA0-45CB3DA83E89}.Release|Any CPU.ActiveCfg = Release|Any CPU
		{75428B81-7372-40E7-BCA0-45CB3DA83E89}.Release|Any CPU.Build.0 = Release|Any CPU
		{FF7FEC66-663D-4552-85F7-7D590FB852F6}.Debug|Any CPU.ActiveCfg = Debug|Any CPU
		{FF7FEC66-663D-4552-85F7-7D590FB852F6}.Debug|Any CPU.Build.0 = Debug|Any CPU
		{FF7FEC66-663D-4552-85F7-7D590FB852F6}.Release|Any CPU.ActiveCfg = Release|Any CPU
		{FF7FEC66-663D-4552-85F7-7D590FB852F6}.Release|Any CPU.Build.0 = Release|Any CPU
		{10F4770D-826F-4E44-A4F2-F46665FF8305}.Debug|Any CPU.ActiveCfg = Debug|Any CPU
		{10F4770D-826F-4E44-A4F2-F46665FF8305}.Debug|Any CPU.Build.0 = Debug|Any CPU
		{10F4770D-826F-4E44-A4F2-F46665FF8305}.Release|Any CPU.ActiveCfg = Release|Any CPU
		{10F4770D-826F-4E44-A4F2-F46665FF8305}.Release|Any CPU.Build.0 = Release|Any CPU
		{EBE174C9-2237-4E29-BA81-3EF6C8CC36E5}.Debug|Any CPU.ActiveCfg = Debug|Any CPU
		{EBE174C9-2237-4E29-BA81-3EF6C8CC36E5}.Debug|Any CPU.Build.0 = Debug|Any CPU
		{EBE174C9-2237-4E29-BA81-3EF6C8CC36E5}.Release|Any CPU.ActiveCfg = Release|Any CPU
		{EBE174C9-2237-4E29-BA81-3EF6C8CC36E5}.Release|Any CPU.Build.0 = Release|Any CPU
		{825E732A-3840-430B-98ED-047B27931AA9}.Debug|Any CPU.ActiveCfg = Debug|Any CPU
		{825E732A-3840-430B-98ED-047B27931AA9}.Debug|Any CPU.Build.0 = Debug|Any CPU
		{825E732A-3840-430B-98ED-047B27931AA9}.Release|Any CPU.ActiveCfg = Release|Any CPU
		{825E732A-3840-430B-98ED-047B27931AA9}.Release|Any CPU.Build.0 = Release|Any CPU
		{C2E64BF3-E8F8-49FE-A228-89DECF2165B4}.Debug|Any CPU.ActiveCfg = Debug|Any CPU
		{C2E64BF3-E8F8-49FE-A228-89DECF2165B4}.Debug|Any CPU.Build.0 = Debug|Any CPU
		{C2E64BF3-E8F8-49FE-A228-89DECF2165B4}.Release|Any CPU.ActiveCfg = Release|Any CPU
		{C2E64BF3-E8F8-49FE-A228-89DECF2165B4}.Release|Any CPU.Build.0 = Release|Any CPU
		{087FC33F-48BE-499D-914A-AEA48EF4A927}.Debug|Any CPU.ActiveCfg = Debug|Any CPU
		{087FC33F-48BE-499D-914A-AEA48EF4A927}.Debug|Any CPU.Build.0 = Debug|Any CPU
		{087FC33F-48BE-499D-914A-AEA48EF4A927}.Release|Any CPU.ActiveCfg = Release|Any CPU
		{087FC33F-48BE-499D-914A-AEA48EF4A927}.Release|Any CPU.Build.0 = Release|Any CPU
		{2C836876-BF1C-44B0-802A-8D1FC1DC0D76}.Debug|Any CPU.ActiveCfg = Debug|Any CPU
		{2C836876-BF1C-44B0-802A-8D1FC1DC0D76}.Debug|Any CPU.Build.0 = Debug|Any CPU
		{2C836876-BF1C-44B0-802A-8D1FC1DC0D76}.Release|Any CPU.ActiveCfg = Release|Any CPU
		{2C836876-BF1C-44B0-802A-8D1FC1DC0D76}.Release|Any CPU.Build.0 = Release|Any CPU
		{65D05D6C-B1E0-4114-A779-542D63421537}.Debug|Any CPU.ActiveCfg = Debug|Any CPU
		{65D05D6C-B1E0-4114-A779-542D63421537}.Debug|Any CPU.Build.0 = Debug|Any CPU
		{65D05D6C-B1E0-4114-A779-542D63421537}.Release|Any CPU.ActiveCfg = Release|Any CPU
		{65D05D6C-B1E0-4114-A779-542D63421537}.Release|Any CPU.Build.0 = Release|Any CPU
		{1ED25947-5DA8-4525-B062-D2B613C2DC56}.Debug|Any CPU.ActiveCfg = Debug|Any CPU
		{1ED25947-5DA8-4525-B062-D2B613C2DC56}.Debug|Any CPU.Build.0 = Debug|Any CPU
		{1ED25947-5DA8-4525-B062-D2B613C2DC56}.Release|Any CPU.ActiveCfg = Release|Any CPU
		{1ED25947-5DA8-4525-B062-D2B613C2DC56}.Release|Any CPU.Build.0 = Release|Any CPU
		{59DF0771-76B1-4A4B-959F-A267885AC147}.Debug|Any CPU.ActiveCfg = Debug|Any CPU
		{59DF0771-76B1-4A4B-959F-A267885AC147}.Debug|Any CPU.Build.0 = Debug|Any CPU
		{59DF0771-76B1-4A4B-959F-A267885AC147}.Release|Any CPU.ActiveCfg = Release|Any CPU
		{59DF0771-76B1-4A4B-959F-A267885AC147}.Release|Any CPU.Build.0 = Release|Any CPU
	EndGlobalSection
	GlobalSection(SolutionProperties) = preSolution
		HideSolutionNode = FALSE
	EndGlobalSection
	GlobalSection(NestedProjects) = preSolution
		{007C7C24-B4DB-4BB4-AAAD-2B4831C634CF} = {2695FDE7-2186-4625-B884-25EA712B5485}
		{15B865F9-2AE7-4FB9-B340-C0D694FF3F26} = {2695FDE7-2186-4625-B884-25EA712B5485}
		{EBE174C9-2237-4E29-BA81-3EF6C8CC36E5} = {2695FDE7-2186-4625-B884-25EA712B5485}
		{825E732A-3840-430B-98ED-047B27931AA9} = {15B865F9-2AE7-4FB9-B340-C0D694FF3F26}
		{C2E64BF3-E8F8-49FE-A228-89DECF2165B4} = {15B865F9-2AE7-4FB9-B340-C0D694FF3F26}
		{087FC33F-48BE-499D-914A-AEA48EF4A927} = {007C7C24-B4DB-4BB4-AAAD-2B4831C634CF}
		{87D0898D-F108-443F-94BF-6769D3B5471A} = {2695FDE7-2186-4625-B884-25EA712B5485}
		{55B2478C-0C6B-40A5-BAFB-312F8BC82D82} = {87D0898D-F108-443F-94BF-6769D3B5471A}
		{A4DAA980-2E5C-4B92-BBAC-75716B853172} = {87D0898D-F108-443F-94BF-6769D3B5471A}
		{2C836876-BF1C-44B0-802A-8D1FC1DC0D76} = {55B2478C-0C6B-40A5-BAFB-312F8BC82D82}
		{65D05D6C-B1E0-4114-A779-542D63421537} = {A4DAA980-2E5C-4B92-BBAC-75716B853172}
		{F2BEAD91-4C5B-4FCC-8356-64E97B7E5551} = {2695FDE7-2186-4625-B884-25EA712B5485}
		{1ED25947-5DA8-4525-B062-D2B613C2DC56} = {F2BEAD91-4C5B-4FCC-8356-64E97B7E5551}
		{C2FAE61F-A2B3-4CBA-AFA2-655115DA180D} = {2695FDE7-2186-4625-B884-25EA712B5485}
		{59DF0771-76B1-4A4B-959F-A267885AC147} = {C2FAE61F-A2B3-4CBA-AFA2-655115DA180D}
	EndGlobalSection
	GlobalSection(ExtensibilityGlobals) = postSolution
		SolutionGuid = {0EE2A59E-7B8E-454F-B873-2DD37E6BB73D}
	EndGlobalSection
EndGlobal
